
Microsoft Visual Studio Solution File, Format Version 12.00
# Visual Studio Version 16
VisualStudioVersion = 16.0.30503.244
MinimumVisualStudioVersion = 10.0.40219.1
Project("{9A19103F-16F7-4668-BE54-9A1E7A4F7556}") = "TcpServerLibrary", "TcpServer\TcpServerLibrary.csproj", "{ABB6E68F-EDBB-41DA-AC1C-89715A13A3F2}"
EndProject
Project("{FAE04EC0-301F-11D3-BF4B-00C04F79EFBC}") = "TcpServerApp", "TcpServerApp\TcpServerApp.csproj", "{5387A4FC-6164-4F1C-BD31-F4C2F7154FA0}"
EndProject
Project("{9A19103F-16F7-4668-BE54-9A1E7A4F7556}") = "TcpServerMultiClientApp", "TcpServerMultiClientApp\TcpServerMultiClientApp.csproj", "{096638F9-4592-4733-8649-C152F8728E1F}"
EndProject
Project("{FAE04EC0-301F-11D3-BF4B-00C04F79EFBC}") = "LoginSystem", "LoginSystem\LoginSystem.csproj", "{0A5A9613-DD22-4F7F-9583-D20671A16F8F}"
EndProject
Project("{FAE04EC0-301F-11D3-BF4B-00C04F79EFBC}") = "LoginSystemTest", "LoginSystemTest\LoginSystemTest.csproj", "{17FEB924-BA07-4490-AAA7-71F181AE682B}"
EndProject
Global
	GlobalSection(SolutionConfigurationPlatforms) = preSolution
		Debug|Any CPU = Debug|Any CPU
		Release|Any CPU = Release|Any CPU
	EndGlobalSection
	GlobalSection(ProjectConfigurationPlatforms) = postSolution
		{ABB6E68F-EDBB-41DA-AC1C-89715A13A3F2}.Debug|Any CPU.ActiveCfg = Debug|Any CPU
		{ABB6E68F-EDBB-41DA-AC1C-89715A13A3F2}.Debug|Any CPU.Build.0 = Debug|Any CPU
		{ABB6E68F-EDBB-41DA-AC1C-89715A13A3F2}.Release|Any CPU.ActiveCfg = Release|Any CPU
		{ABB6E68F-EDBB-41DA-AC1C-89715A13A3F2}.Release|Any CPU.Build.0 = Release|Any CPU
		{5387A4FC-6164-4F1C-BD31-F4C2F7154FA0}.Debug|Any CPU.ActiveCfg = Debug|Any CPU
		{5387A4FC-6164-4F1C-BD31-F4C2F7154FA0}.Debug|Any CPU.Build.0 = Debug|Any CPU
		{5387A4FC-6164-4F1C-BD31-F4C2F7154FA0}.Release|Any CPU.ActiveCfg = Release|Any CPU
		{5387A4FC-6164-4F1C-BD31-F4C2F7154FA0}.Release|Any CPU.Build.0 = Release|Any CPU
		{096638F9-4592-4733-8649-C152F8728E1F}.Debug|Any CPU.ActiveCfg = Debug|Any CPU
		{096638F9-4592-4733-8649-C152F8728E1F}.Debug|Any CPU.Build.0 = Debug|Any CPU
		{096638F9-4592-4733-8649-C152F8728E1F}.Release|Any CPU.ActiveCfg = Release|Any CPU
		{096638F9-4592-4733-8649-C152F8728E1F}.Release|Any CPU.Build.0 = Release|Any CPU
		{0A5A9613-DD22-4F7F-9583-D20671A16F8F}.Debug|Any CPU.ActiveCfg = Debug|Any CPU
		{0A5A9613-DD22-4F7F-9583-D20671A16F8F}.Debug|Any CPU.Build.0 = Debug|Any CPU
		{0A5A9613-DD22-4F7F-9583-D20671A16F8F}.Release|Any CPU.ActiveCfg = Release|Any CPU
		{0A5A9613-DD22-4F7F-9583-D20671A16F8F}.Release|Any CPU.Build.0 = Release|Any CPU
		{17FEB924-BA07-4490-AAA7-71F181AE682B}.Debug|Any CPU.ActiveCfg = Debug|Any CPU
		{17FEB924-BA07-4490-AAA7-71F181AE682B}.Debug|Any CPU.Build.0 = Debug|Any CPU
		{17FEB924-BA07-4490-AAA7-71F181AE682B}.Release|Any CPU.ActiveCfg = Release|Any CPU
		{17FEB924-BA07-4490-AAA7-71F181AE682B}.Release|Any CPU.Build.0 = Release|Any CPU
	EndGlobalSection
	GlobalSection(SolutionProperties) = preSolution
		HideSolutionNode = FALSE
	EndGlobalSection
	GlobalSection(ExtensibilityGlobals) = postSolution
		SolutionGuid = {CAAE92D5-CEB8-4A87-9E6D-A9B0B6302AF4}
	EndGlobalSection
EndGlobal
